dependencies:
  espressif/ethernet_init:
    dependencies: []
    source:
      path: components/espressif__ethernet_init
      type: local
    version: 1.2.0
  espressif/mqtt:
    dependencies: []
    source:
      path: components/espressif__mqtt
      type: local
    version: 1.0.0
  idf:
    source:
      type: idf
    version: 6.0.0
  protocol_examples_common:
    dependencies:
    - name: espressif/ethernet_init
      rules:
      - if: target != linux
      version: ~1.2.0
    source:
      path: ../../.espressif/v6.0/esp-idf/examples/common_components/protocol_examples_common
      type: local
    version: '*'
direct_dependencies:
- espressif/mqtt
- idf
- protocol_examples_common
manifest_hash: fe93622a1763cd87153fa2d5118f0370e5e517c6fdb0fd1f5ef40b84d35b243b
target: esp32
version: 3.0.0
